
Microsoft Visual Studio Solution File, Format Version 12.00
# Visual Studio 2013
Project("{2150E333-8FDC-42A3-9474-1A3956D46DE8}") = "Engine", "Engine", "{4BAB4232-D6F3-4F4A-B7C9-3B094A6BD286}"
EndProject
Project("{2150E333-8FDC-42A3-9474-1A3956D46DE8}") = "Games", "Games", "{AD2A138D-8E48-45E6-98AC-1ACB63E96D9E}"
EndProject
Project("{8BC9CEB8-8B4A-11D0-8D11-00A0C91BC942}") = "ObjectOutline", "Intermediate\ProjectFiles\ObjectOutline.vcxproj", "{02B37F90-767B-4A54-AF7F-6BCC3284AFB6}"
	ProjectSection(ProjectDependencies) = postProject
	EndProjectSection
EndProject
Project("{8BC9CEB8-8B4A-11D0-8D11-00A0C91BC942}") = "UE4", "Intermediate\ProjectFiles\UE4.vcxproj", "{D37C9432-A5F2-4828-9EA4-0C0708D935C9}"
EndProject
Global
	GlobalSection(SolutionConfigurationPlatforms) = preSolution
		DebugGame Editor|Windows = DebugGame Editor|Windows
		DebugGame|Windows = DebugGame|Windows
		Development Editor|Windows = Development Editor|Windows
		Development|Windows = Development|Windows
		Shipping|Windows = Shipping|Windows
	EndGlobalSection
	GlobalSection(ProjectConfigurationPlatforms) = postSolution
		{02B37F90-767B-4A54-AF7F-6BCC3284AFB6}.DebugGame Editor|Windows.ActiveCfg = DebugGame_Editor|x64
		{02B37F90-767B-4A54-AF7F-6BCC3284AFB6}.DebugGame Editor|Windows.Build.0 = DebugGame_Editor|x64
		{02B37F90-767B-4A54-AF7F-6BCC3284AFB6}.DebugGame|Windows.ActiveCfg = DebugGame_Game|x64
		{02B37F90-767B-4A54-AF7F-6BCC3284AFB6}.DebugGame|Windows.Build.0 = DebugGame_Game|x64
		{02B37F90-767B-4A54-AF7F-6BCC3284AFB6}.Development Editor|Windows.ActiveCfg = Development_Editor|x64
		{02B37F90-767B-4A54-AF7F-6BCC3284AFB6}.Development Editor|Windows.Build.0 = Development_Editor|x64
		{02B37F90-767B-4A54-AF7F-6BCC3284AFB6}.Development|Windows.ActiveCfg = Development_Game|x64
		{02B37F90-767B-4A54-AF7F-6BCC3284AFB6}.Development|Windows.Build.0 = Development_Game|x64
		{02B37F90-767B-4A54-AF7F-6BCC3284AFB6}.Shipping|Windows.ActiveCfg = Shipping_Game|Win32
		{02B37F90-767B-4A54-AF7F-6BCC3284AFB6}.Shipping|Windows.Build.0 = Shipping_Game|Win32
	EndGlobalSection
	GlobalSection(SolutionProperties) = preSolution
		HideSolutionNode = FALSE
	EndGlobalSection
	GlobalSection(NestedProjects) = preSolution
		{D37C9432-A5F2-4828-9EA4-0C0708D935C9} = {4BAB4232-D6F3-4F4A-B7C9-3B094A6BD286}
		{02B37F90-767B-4A54-AF7F-6BCC3284AFB6} = {AD2A138D-8E48-45E6-98AC-1ACB63E96D9E}
	EndGlobalSection
EndGlobal
