
Microsoft Visual Studio Solution File, Format Version 12.00
# Visual Studio 2013
VisualStudioVersion = 12.0.21005.1
MinimumVisualStudioVersion = 10.0.40219.1
Project("{2150E333-8FDC-42A3-9474-1A3956D46DE8}") = "Engine", "Engine", "{311FCB0B-C9DB-4A3C-8920-DE99AEE25F16}"
EndProject
Project("{2150E333-8FDC-42A3-9474-1A3956D46DE8}") = "Games", "Games", "{0FC65B21-644D-478C-914E-18AB0BF7B824}"
EndProject
Project("{8BC9CEB8-8B4A-11D0-8D11-00A0C91BC942}") = "ObjectOutline", "Intermediate\ProjectFiles\ObjectOutline.vcxproj", "{E5C82B44-392C-4AAB-B3C6-743EEC9FEBFE}"
EndProject
Project("{8BC9CEB8-8B4A-11D0-8D11-00A0C91BC942}") = "UE4", "Intermediate\ProjectFiles\UE4.vcxproj", "{50791FFC-3296-4536-B28B-5D6881A4E728}"
EndProject
Global
	GlobalSection(SolutionConfigurationPlatforms) = preSolution
		DebugGame Editor|Windows = DebugGame Editor|Windows
		DebugGame|Windows = DebugGame|Windows
		Development Editor|Windows = Development Editor|Windows
		Development|Windows = Development|Windows
		Shipping|Windows = Shipping|Windows
	EndGlobalSection
	GlobalSection(ProjectConfigurationPlatforms) = postSolution
		{E5C82B44-392C-4AAB-B3C6-743EEC9FEBFE}.DebugGame Editor|Windows.ActiveCfg = DebugGame_Editor|x64
		{E5C82B44-392C-4AAB-B3C6-743EEC9FEBFE}.DebugGame Editor|Windows.Build.0 = DebugGame_Editor|x64
		{E5C82B44-392C-4AAB-B3C6-743EEC9FEBFE}.DebugGame|Windows.ActiveCfg = DebugGame_Game|x64
		{E5C82B44-392C-4AAB-B3C6-743EEC9FEBFE}.DebugGame|Windows.Build.0 = DebugGame_Game|x64
		{E5C82B44-392C-4AAB-B3C6-743EEC9FEBFE}.Development Editor|Windows.ActiveCfg = Development_Editor|x64
		{E5C82B44-392C-4AAB-B3C6-743EEC9FEBFE}.Development Editor|Windows.Build.0 = Development_Editor|x64
		{E5C82B44-392C-4AAB-B3C6-743EEC9FEBFE}.Development|Windows.ActiveCfg = Development_Game|x64
		{E5C82B44-392C-4AAB-B3C6-743EEC9FEBFE}.Development|Windows.Build.0 = Development_Game|x64
		{E5C82B44-392C-4AAB-B3C6-743EEC9FEBFE}.Shipping|Windows.ActiveCfg = Shipping_Game|Win32
		{E5C82B44-392C-4AAB-B3C6-743EEC9FEBFE}.Shipping|Windows.Build.0 = Shipping_Game|Win32
		{50791FFC-3296-4536-B28B-5D6881A4E728}.DebugGame Editor|Windows.ActiveCfg = BuiltWithUnrealBuildTool|Win32
		{50791FFC-3296-4536-B28B-5D6881A4E728}.DebugGame|Windows.ActiveCfg = BuiltWithUnrealBuildTool|Win32
		{50791FFC-3296-4536-B28B-5D6881A4E728}.Development Editor|Windows.ActiveCfg = BuiltWithUnrealBuildTool|Win32
		{50791FFC-3296-4536-B28B-5D6881A4E728}.Development|Windows.ActiveCfg = BuiltWithUnrealBuildTool|Win32
		{50791FFC-3296-4536-B28B-5D6881A4E728}.Shipping|Windows.ActiveCfg = BuiltWithUnrealBuildTool|Win32
	EndGlobalSection
	GlobalSection(SolutionProperties) = preSolution
		HideSolutionNode = FALSE
	EndGlobalSection
	GlobalSection(NestedProjects) = preSolution
		{50791FFC-3296-4536-B28B-5D6881A4E728} = {311FCB0B-C9DB-4A3C-8920-DE99AEE25F16}
		{E5C82B44-392C-4AAB-B3C6-743EEC9FEBFE} = {0FC65B21-644D-478C-914E-18AB0BF7B824}
	EndGlobalSection
EndGlobal
